
Microsoft Visual Studio Solution File, Format Version 12.00
# Visual Studio 14
VisualStudioVersion = 14.0.25420.1
MinimumVisualStudioVersion = 10.0.40219.1
Project("{FAE04EC0-301F-11D3-BF4B-00C04F79EFBC}") = "2DBinPacking", "2DBinPacking\2DBinPacking.csproj", "{74C27C3B-1AD1-4685-9F0E-BF64A80FA53E}"
EndProject
Project("{FAE04EC0-301F-11D3-BF4B-00C04F79EFBC}") = "2DBinPackingTest", "2DBinPackingTest\2DBinPackingTest.csproj", "{96D3DD35-43FE-41B5-B764-2D9C9E49C1FE}"
EndProject
Global
	GlobalSection(SolutionConfigurationPlatforms) = preSolution
		Debug|Any CPU = Debug|Any CPU
		Release|Any CPU = Release|Any CPU
	EndGlobalSection
	GlobalSection(ProjectConfigurationPlatforms) = postSolution
		{74C27C3B-1AD1-4685-9F0E-BF64A80FA53E}.Debug|Any CPU.ActiveCfg = Debug|Any CPU
		{74C27C3B-1AD1-4685-9F0E-BF64A80FA53E}.Debug|Any CPU.Build.0 = Debug|Any CPU
		{74C27C3B-1AD1-4685-9F0E-BF64A80FA53E}.Release|Any CPU.ActiveCfg = Release|Any CPU
		{74C27C3B-1AD1-4685-9F0E-BF64A80FA53E}.Release|Any CPU.Build.0 = Release|Any CPU
		{96D3DD35-43FE-41B5-B764-2D9C9E49C1FE}.Debug|Any CPU.ActiveCfg = Debug|Any CPU
		{96D3DD35-43FE-41B5-B764-2D9C9E49C1FE}.Debug|Any CPU.Build.0 = Debug|Any CPU
		{96D3DD35-43FE-41B5-B764-2D9C9E49C1FE}.Release|Any CPU.ActiveCfg = Release|Any CPU
		{96D3DD35-43FE-41B5-B764-2D9C9E49C1FE}.Release|Any CPU.Build.0 = Release|Any CPU
	EndGlobalSection
	GlobalSection(SolutionProperties) = preSolution
		HideSolutionNode = FALSE
	EndGlobalSection
EndGlobal
